// !$*UTF8*$!
{
	archiveVersion = 1;
	classes = {
	};
	objectVersion = 46;
	objects = {

/* Begin PBXBuildFile section */
		0B2FF6F813F7B3B6002C1891 /* MPSshSession.m in Sources */ = {isa = PBXBuildFile; fileRef = 0B2FF6F713F7B3B6002C1891 /* MPSshSession.m */; };
		0B31954013F815B600423A0D /* MPSshSession.m in Sources */ = {isa = PBXBuildFile; fileRef = 0B2FF6F713F7B3B6002C1891 /* MPSshSession.m */; };
		0B31954113F815B900423A0D /* MPSshSession.h in Headers */ = {isa = PBXBuildFile; fileRef = 0B2FF6F613F7B3B6002C1891 /* MPSshSession.h */; };
		0B37D5FE12ADA3E900A3CC88 /* TestAppDelegate.m in Sources */ = {isa = PBXBuildFile; fileRef = 0B37D5FD12ADA3E900A3CC88 /* TestAppDelegate.m */; };
		0B37D61712ADA46200A3CC88 /* TestView.m in Sources */ = {isa = PBXBuildFile; fileRef = 0B37D61612ADA46200A3CC88 /* TestView.m */; };
		0B37D62412ADA80D00A3CC88 /* TestApp.xib in Resources */ = {isa = PBXBuildFile; fileRef = 0B37D62312ADA80D00A3CC88 /* TestApp.xib */; };
		0B37D63812ADA91200A3CC88 /* MPSftpItem.m in Sources */ = {isa = PBXBuildFile; fileRef = 0B428FFD12A153D600507247 /* MPSftpItem.m */; };
		0B37D63912ADA91200A3CC88 /* MPSftpSession.m in Sources */ = {isa = PBXBuildFile; fileRef = 0B428FFF12A153D600507247 /* MPSftpSession.m */; };
		0B37D63A12ADA91200A3CC88 /* MPSshShell.m in Sources */ = {isa = PBXBuildFile; fileRef = 0B42900112A153D600507247 /* MPSshShell.m */; };
		0B37D63B12ADA91200A3CC88 /* MPHost.m in Sources */ = {isa = PBXBuildFile; fileRef = 0B42904812A1550F00507247 /* MPHost.m */; };
		0B37D6BE12ADA92500A3CC88 /* Foundation.framework in Frameworks */ = {isa = PBXBuildFile; fileRef = AACBBE490F95108600F1A2B1 /* Foundation.framework */; };
		0B42900412A153D600507247 /* MPSftpItem.h in Headers */ = {isa = PBXBuildFile; fileRef = 0B428FFC12A153D600507247 /* MPSftpItem.h */; };
		0B42900512A153D600507247 /* MPSftpItem.m in Sources */ = {isa = PBXBuildFile; fileRef = 0B428FFD12A153D600507247 /* MPSftpItem.m */; };
		0B42900612A153D600507247 /* MPSftpSession.h in Headers */ = {isa = PBXBuildFile; fileRef = 0B428FFE12A153D600507247 /* MPSftpSession.h */; };
		0B42900712A153D600507247 /* MPSftpSession.m in Sources */ = {isa = PBXBuildFile; fileRef = 0B428FFF12A153D600507247 /* MPSftpSession.m */; };
		0B42900812A153D600507247 /* MPSshShell.h in Headers */ = {isa = PBXBuildFile; fileRef = 0B42900012A153D600507247 /* MPSshShell.h */; };
		0B42900912A153D600507247 /* MPSshShell.m in Sources */ = {isa = PBXBuildFile; fileRef = 0B42900112A153D600507247 /* MPSshShell.m */; };
		0B42904912A1550F00507247 /* MPHost.h in Headers */ = {isa = PBXBuildFile; fileRef = 0B42904712A1550F00507247 /* MPHost.h */; };
		0B42904A12A1550F00507247 /* MPHost.m in Sources */ = {isa = PBXBuildFile; fileRef = 0B42904812A1550F00507247 /* MPHost.m */; };
		0B5D5B7813FC75110048EA81 /* MPSshSession.m in Sources */ = {isa = PBXBuildFile; fileRef = 0B2FF6F713F7B3B6002C1891 /* MPSshSession.m */; };
		0B5D5B7913FC75770048EA81 /* MPConnectionParams.m in Sources */ = {isa = PBXBuildFile; fileRef = 0BE92B6B13F6E2CB00AB7BEA /* MPConnectionParams.m */; };
		0B6A677C13FC719B005B157B /* libcrypto.a in Frameworks */ = {isa = PBXBuildFile; fileRef = 0B6A677A13FC719B005B157B /* libcrypto.a */; };
		0B6A677D13FC719B005B157B /* libssl.a in Frameworks */ = {isa = PBXBuildFile; fileRef = 0B6A677B13FC719B005B157B /* libssl.a */; };
		0BAEC31A16053BB700C8DA04 /* CFNetwork.framework in Frameworks */ = {isa = PBXBuildFile; fileRef = 0BAEC31916053BB600C8DA04 /* CFNetwork.framework */; };
		0BB10A6412CFF6A30066E426 /* MPSsh_Prefix.pch in Headers */ = {isa = PBXBuildFile; fileRef = AA747D9E0F9514B9006C5449 /* MPSsh_Prefix.pch */; };
		0BB10A6612CFF6A30066E426 /* MPSftpItem.h in Headers */ = {isa = PBXBuildFile; fileRef = 0B428FFC12A153D600507247 /* MPSftpItem.h */; };
		0BB10A6712CFF6A30066E426 /* MPSftpSession.h in Headers */ = {isa = PBXBuildFile; fileRef = 0B428FFE12A153D600507247 /* MPSftpSession.h */; };
		0BB10A6812CFF6A30066E426 /* MPSshShell.h in Headers */ = {isa = PBXBuildFile; fileRef = 0B42900012A153D600507247 /* MPSshShell.h */; };
		0BB10A6912CFF6A30066E426 /* MPHost.h in Headers */ = {isa = PBXBuildFile; fileRef = 0B42904712A1550F00507247 /* MPHost.h */; };
		0BB10A6C12CFF6A30066E426 /* MPSftpItem.m in Sources */ = {isa = PBXBuildFile; fileRef = 0B428FFD12A153D600507247 /* MPSftpItem.m */; };
		0BB10A6D12CFF6A30066E426 /* MPSftpSession.m in Sources */ = {isa = PBXBuildFile; fileRef = 0B428FFF12A153D600507247 /* MPSftpSession.m */; };
		0BB10A6E12CFF6A30066E426 /* MPSshShell.m in Sources */ = {isa = PBXBuildFile; fileRef = 0B42900112A153D600507247 /* MPSshShell.m */; };
		0BB10A6F12CFF6A30066E426 /* MPHost.m in Sources */ = {isa = PBXBuildFile; fileRef = 0B42904812A1550F00507247 /* MPHost.m */; };
		0BB10A7212CFF6A30066E426 /* Foundation.framework in Frameworks */ = {isa = PBXBuildFile; fileRef = AACBBE490F95108600F1A2B1 /* Foundation.framework */; };
		0BB10A8212CFF76A0066E426 /* CoreServices.framework in Frameworks */ = {isa = PBXBuildFile; fileRef = 0BB10A8112CFF76A0066E426 /* CoreServices.framework */; };
		0BCD910612AF6E2C00DC6CFE /* Tester.m in Sources */ = {isa = PBXBuildFile; fileRef = 0BCD910512AF6E2C00DC6CFE /* Tester.m */; };
		0BD580401605C7C9000D6303 /* MPLSSession.h in Headers */ = {isa = PBXBuildFile; fileRef = 0BD5803E1605C7C9000D6303 /* MPLSSession.h */; };
		0BD580411605C7C9000D6303 /* MPLSSession.m in Sources */ = {isa = PBXBuildFile; fileRef = 0BD5803F1605C7C9000D6303 /* MPLSSession.m */; };
		0BD580451605C7D9000D6303 /* MPLSChannel.m in Sources */ = {isa = PBXBuildFile; fileRef = 0BD580431605C7D9000D6303 /* MPLSChannel.m */; };
		0BD580471605CED3000D6303 /* MPLSChannel.h in Headers */ = {isa = PBXBuildFile; fileRef = 0BD580461605CED3000D6303 /* MPLSChannel.h */; };
		0BD9DC9513F03F79004829B2 /* libcrypto_arm.a in Frameworks */ = {isa = PBXBuildFile; fileRef = 0BD9DC8C13F03F79004829B2 /* libcrypto_arm.a */; };
		0BD9DC9813F03F79004829B2 /* libgcrypt.a in Frameworks */ = {isa = PBXBuildFile; fileRef = 0BD9DC8F13F03F79004829B2 /* libgcrypt.a */; };
		0BD9DC9913F03F79004829B2 /* libgpg-error.a in Frameworks */ = {isa = PBXBuildFile; fileRef = 0BD9DC9013F03F79004829B2 /* libgpg-error.a */; };
		0BD9DC9B13F03F79004829B2 /* libssh2.a in Frameworks */ = {isa = PBXBuildFile; fileRef = 0BD9DC9213F03F79004829B2 /* libssh2.a */; };
		0BD9DC9C13F03F79004829B2 /* libssl_arm.a in Frameworks */ = {isa = PBXBuildFile; fileRef = 0BD9DC9313F03F79004829B2 /* libssl_arm.a */; };
		0BD9DC9D13F03F79004829B2 /* libz.a in Frameworks */ = {isa = PBXBuildFile; fileRef = 0BD9DC9413F03F79004829B2 /* libz.a */; };
		0BDD232A16053D66009702F5 /* libTestFlight.a in Frameworks */ = {isa = PBXBuildFile; fileRef = 0BDD232816053D66009702F5 /* libTestFlight.a */; };
		0BDD232B16053D66009702F5 /* TestFlight.h in Headers */ = {isa = PBXBuildFile; fileRef = 0BDD232916053D66009702F5 /* TestFlight.h */; };
		0BDD232E1605A20A009702F5 /* MPLibssh2.h in Headers */ = {isa = PBXBuildFile; fileRef = 0BDD232C1605A20A009702F5 /* MPLibssh2.h */; };
		0BDD232F1605A20A009702F5 /* MPLibssh2.m in Sources */ = {isa = PBXBuildFile; fileRef = 0BDD232D1605A20A009702F5 /* MPLibssh2.m */; };
		0BDDAA9A12D3F49C001FCA53 /* main.m in Sources */ = {isa = PBXBuildFile; fileRef = 0BDDAA9312D3F48E001FCA53 /* main.m */; };
		0BE92B6C13F6E2CB00AB7BEA /* MPConnectionParams.h in Headers */ = {isa = PBXBuildFile; fileRef = 0BE92B6A13F6E2CB00AB7BEA /* MPConnectionParams.h */; };
		0BE92B6D13F6E2CB00AB7BEA /* MPConnectionParams.m in Sources */ = {isa = PBXBuildFile; fileRef = 0BE92B6B13F6E2CB00AB7BEA /* MPConnectionParams.m */; };
		0BEF2B1312E115C100CFAD56 /* TestTail.m in Sources */ = {isa = PBXBuildFile; fileRef = 0BEF2B1212E115C100CFAD56 /* TestTail.m */; };
		0BEF2CD312E11B8900CFAD56 /* QuartzCore.framework in Frameworks */ = {isa = PBXBuildFile; fileRef = 0BEF2CD212E11B8900CFAD56 /* QuartzCore.framework */; };
		AA747D9F0F9514B9006C5449 /* MPSsh_Prefix.pch in Headers */ = {isa = PBXBuildFile; fileRef = AA747D9E0F9514B9006C5449 /* MPSsh_Prefix.pch */; };
		AACBBE4A0F95108600F1A2B1 /* Foundation.framework in Frameworks */ = {isa = PBXBuildFile; fileRef = AACBBE490F95108600F1A2B1 /* Foundation.framework */; };
/* End PBXBuildFile section */

/* Begin PBXFileReference section */
		0B2FF6F613F7B3B6002C1891 /* MPSshSession.h */ = {isa = PBXFileReference; fileEncoding = 4; lastKnownFileType = sourcecode.c.h; name = MPSshSession.h; path = classes/MPSshSession.h; sourceTree = "<group>"; };
		0B2FF6F713F7B3B6002C1891 /* MPSshSession.m */ = {isa = PBXFileReference; fileEncoding = 4; lastKnownFileType = sourcecode.c.objc; name = MPSshSession.m; path = classes/MPSshSession.m; sourceTree = "<group>"; };
		0B37D5F512ADA3A600A3CC88 /* TestApp.app */ = {isa = PBXFileReference; explicitFileType = wrapper.application; includeInIndex = 0; path = TestApp.app; sourceTree = BUILT_PRODUCTS_DIR; };
		0B37D5F712ADA3A600A3CC88 /* TestApp-Info.plist */ = {isa = PBXFileReference; lastKnownFileType = text.plist.xml; path = "TestApp-Info.plist"; sourceTree = "<group>"; };
		0B37D5FC12ADA3E900A3CC88 /* TestAppDelegate.h */ = {isa = PBXFileReference; fileEncoding = 4; lastKnownFileType = sourcecode.c.h; path = TestAppDelegate.h; sourceTree = "<group>"; };
		0B37D5FD12ADA3E900A3CC88 /* TestAppDelegate.m */ = {isa = PBXFileReference; fileEncoding = 4; lastKnownFileType = sourcecode.c.objc; path = TestAppDelegate.m; sourceTree = "<group>"; };
		0B37D61512ADA46200A3CC88 /* TestView.h */ = {isa = PBXFileReference; fileEncoding = 4; lastKnownFileType = sourcecode.c.h; path = TestView.h; sourceTree = "<group>"; };
		0B37D61612ADA46200A3CC88 /* TestView.m */ = {isa = PBXFileReference; fileEncoding = 4; lastKnownFileType = sourcecode.c.objc; path = TestView.m; sourceTree = "<group>"; };
		0B37D62312ADA80D00A3CC88 /* TestApp.xib */ = {isa = PBXFileReference; lastKnownFileType = file.xib; path = TestApp.xib; sourceTree = "<group>"; };
		0B428FFC12A153D600507247 /* MPSftpItem.h */ = {isa = PBXFileReference; fileEncoding = 4; lastKnownFileType = sourcecode.c.h; name = MPSftpItem.h; path = classes/MPSftpItem.h; sourceTree = "<group>"; };
		0B428FFD12A153D600507247 /* MPSftpItem.m */ = {isa = PBXFileReference; fileEncoding = 4; lastKnownFileType = sourcecode.c.objc; name = MPSftpItem.m; path = classes/MPSftpItem.m; sourceTree = "<group>"; };
		0B428FFE12A153D600507247 /* MPSftpSession.h */ = {isa = PBXFileReference; fileEncoding = 4; lastKnownFileType = sourcecode.c.h; name = MPSftpSession.h; path = classes/MPSftpSession.h; sourceTree = "<group>"; };
		0B428FFF12A153D600507247 /* MPSftpSession.m */ = {isa = PBXFileReference; fileEncoding = 4; lastKnownFileType = sourcecode.c.objc; name = MPSftpSession.m; path = classes/MPSftpSession.m; sourceTree = "<group>"; };
		0B42900012A153D600507247 /* MPSshShell.h */ = {isa = PBXFileReference; fileEncoding = 4; lastKnownFileType = sourcecode.c.h; name = MPSshShell.h; path = classes/MPSshShell.h; sourceTree = "<group>"; };
		0B42900112A153D600507247 /* MPSshShell.m */ = {isa = PBXFileReference; fileEncoding = 4; lastKnownFileType = sourcecode.c.objc; name = MPSshShell.m; path = classes/MPSshShell.m; sourceTree = "<group>"; };
		0B42904712A1550F00507247 /* MPHost.h */ = {isa = PBXFileReference; fileEncoding = 4; lastKnownFileType = sourcecode.c.h; name = MPHost.h; path = classes/MPHost.h; sourceTree = "<group>"; };
		0B42904812A1550F00507247 /* MPHost.m */ = {isa = PBXFileReference; fileEncoding = 4; lastKnownFileType = sourcecode.c.objc; name = MPHost.m; path = classes/MPHost.m; sourceTree = "<group>"; };
		0B6A677513FC7182005B157B /* libssh2.la */ = {isa = PBXFileReference; fileEncoding = 4; lastKnownFileType = text; path = libssh2.la; sourceTree = "<group>"; };
		0B6A677A13FC719B005B157B /* libcrypto.a */ = {isa = PBXFileReference; lastKnownFileType = archive.ar; path = libcrypto.a; sourceTree = "<group>"; };
		0B6A677B13FC719B005B157B /* libssl.a */ = {isa = PBXFileReference; lastKnownFileType = archive.ar; path = libssl.a; sourceTree = "<group>"; };
		0BAEC31916053BB600C8DA04 /* CFNetwork.framework */ = {isa = PBXFileReference; lastKnownFileType = wrapper.framework; name = CFNetwork.framework; path = Platforms/iPhoneOS.platform/Developer/SDKs/iPhoneOS6.0.sdk/System/Library/Frameworks/CFNetwork.framework; sourceTree = DEVELOPER_DIR; };
		0BB10A7C12CFF6A30066E426 /* libMPSsh_x86_64.a */ = {isa = PBXFileReference; explicitFileType = archive.ar; includeInIndex = 0; path = libMPSsh_x86_64.a; sourceTree = BUILT_PRODUCTS_DIR; };
		0BB10A8112CFF76A0066E426 /* CoreServices.framework */ = {isa = PBXFileReference; lastKnownFileType = wrapper.framework; name = CoreServices.framework; path = /System/Library/Frameworks/CoreServices.framework; sourceTree = "<absolute>"; };
		0BCD910412AF6E2C00DC6CFE /* Tester.h */ = {isa = PBXFileReference; fileEncoding = 4; lastKnownFileType = sourcecode.c.h; path = Tester.h; sourceTree = "<group>"; };
		0BCD910512AF6E2C00DC6CFE /* Tester.m */ = {isa = PBXFileReference; fileEncoding = 4; lastKnownFileType = sourcecode.c.objc; path = Tester.m; sourceTree = "<group>"; };
		0BD5803E1605C7C9000D6303 /* MPLSSession.h */ = {isa = PBXFileReference; fileEncoding = 4; lastKnownFileType = sourcecode.c.h; name = MPLSSession.h; path = classes/MPLSSession.h; sourceTree = "<group>"; };
		0BD5803F1605C7C9000D6303 /* MPLSSession.m */ = {isa = PBXFileReference; fileEncoding = 4; lastKnownFileType = sourcecode.c.objc; name = MPLSSession.m; path = classes/MPLSSession.m; sourceTree = "<group>"; };
		0BD580431605C7D9000D6303 /* MPLSChannel.m */ = {isa = PBXFileReference; fileEncoding = 4; lastKnownFileType = sourcecode.c.objc; name = MPLSChannel.m; path = classes/MPLSChannel.m; sourceTree = "<group>"; };
		0BD580461605CED3000D6303 /* MPLSChannel.h */ = {isa = PBXFileReference; fileEncoding = 4; lastKnownFileType = sourcecode.c.h; name = MPLSChannel.h; path = classes/MPLSChannel.h; sourceTree = "<group>"; };
		0BD9DC8C13F03F79004829B2 /* libcrypto_arm.a */ = {isa = PBXFileReference; lastKnownFileType = archive.ar; name = libcrypto_arm.a; path = lib/libcrypto_arm.a; sourceTree = "<group>"; };
		0BD9DC8F13F03F79004829B2 /* libgcrypt.a */ = {isa = PBXFileReference; lastKnownFileType = archive.ar; name = libgcrypt.a; path = lib/libgcrypt.a; sourceTree = "<group>"; };
		0BD9DC9013F03F79004829B2 /* libgpg-error.a */ = {isa = PBXFileReference; lastKnownFileType = archive.ar; name = "libgpg-error.a"; path = "lib/libgpg-error.a"; sourceTree = "<group>"; };
		0BD9DC9213F03F79004829B2 /* libssh2.a */ = {isa = PBXFileReference; lastKnownFileType = archive.ar; name = libssh2.a; path = lib/libssh2.a; sourceTree = "<group>"; };
		0BD9DC9313F03F79004829B2 /* libssl_arm.a */ = {isa = PBXFileReference; lastKnownFileType = archive.ar; name = libssl_arm.a; path = lib/libssl_arm.a; sourceTree = "<group>"; };
		0BD9DC9413F03F79004829B2 /* libz.a */ = {isa = PBXFileReference; lastKnownFileType = archive.ar; name = libz.a; path = lib/libz.a; sourceTree = "<group>"; };
		0BDD232816053D66009702F5 /* libTestFlight.a */ = {isa = PBXFileReference; lastKnownFileType = archive.ar; path = libTestFlight.a; sourceTree = "<group>"; };
		0BDD232916053D66009702F5 /* TestFlight.h */ = {isa = PBXFileReference; fileEncoding = 4; lastKnownFileType = sourcecode.c.h; path = TestFlight.h; sourceTree = "<group>"; };
		0BDD232C1605A20A009702F5 /* MPLibssh2.h */ = {isa = PBXFileReference; fileEncoding = 4; lastKnownFileType = sourcecode.c.h; name = MPLibssh2.h; path = classes/MPLibssh2.h; sourceTree = "<group>"; };
		0BDD232D1605A20A009702F5 /* MPLibssh2.m */ = {isa = PBXFileReference; fileEncoding = 4; lastKnownFileType = sourcecode.c.objc; name = MPLibssh2.m; path = classes/MPLibssh2.m; sourceTree = "<group>"; };
		0BDDAA9312D3F48E001FCA53 /* main.m */ = {isa = PBXFileReference; fileEncoding = 4; lastKnownFileType = sourcecode.c.objc; path = main.m; sourceTree = "<group>"; };
		0BE92B6A13F6E2CB00AB7BEA /* MPConnectionParams.h */ = {isa = PBXFileReference; fileEncoding = 4; lastKnownFileType = sourcecode.c.h; name = MPConnectionParams.h; path = classes/MPConnectionParams.h; sourceTree = "<group>"; };
		0BE92B6B13F6E2CB00AB7BEA /* MPConnectionParams.m */ = {isa = PBXFileReference; fileEncoding = 4; lastKnownFileType = sourcecode.c.objc; name = MPConnectionParams.m; path = classes/MPConnectionParams.m; sourceTree = "<group>"; };
		0BEF2B1112E115C100CFAD56 /* TestTail.h */ = {isa = PBXFileReference; fileEncoding = 4; lastKnownFileType = sourcecode.c.h; path = TestTail.h; sourceTree = "<group>"; };
		0BEF2B1212E115C100CFAD56 /* TestTail.m */ = {isa = PBXFileReference; fileEncoding = 4; lastKnownFileType = sourcecode.c.objc; path = TestTail.m; sourceTree = "<group>"; };
		0BEF2CD212E11B8900CFAD56 /* QuartzCore.framework */ = {isa = PBXFileReference; lastKnownFileType = wrapper.framework; name = QuartzCore.framework; path = System/Library/Frameworks/QuartzCore.framework; sourceTree = SDKROOT; };
		0BEF2E8612E186EC00CFAD56 /* TestApp_Prefix.pch */ = {isa = PBXFileReference; fileEncoding = 4; lastKnownFileType = sourcecode.c.h; path = TestApp_Prefix.pch; sourceTree = "<group>"; };
		AA747D9E0F9514B9006C5449 /* MPSsh_Prefix.pch */ = {isa = PBXFileReference; fileEncoding = 4; lastKnownFileType = sourcecode.c.h; path = MPSsh_Prefix.pch; sourceTree = "<group>"; };
		AACBBE490F95108600F1A2B1 /* Foundation.framework */ = {isa = PBXFileReference; lastKnownFileType = wrapper.framework; name = Foundation.framework; path = System/Library/Frameworks/Foundation.framework; sourceTree = SDKROOT; };
		D2AAC07E0554694100DB518D /* libMPSsh.a */ = {isa = PBXFileReference; explicitFileType = archive.ar; includeInIndex = 0; path = libMPSsh.a; sourceTree = BUILT_PRODUCTS_DIR; };
/* End PBXFileReference section */

/* Begin PBXFrameworksBuildPhase section */
		0B37D5F312ADA3A600A3CC88 /* Frameworks */ = {
			isa = PBXFrameworksBuildPhase;
			buildActionMask = 2147483647;
			files = (
				0B37D6BE12ADA92500A3CC88 /* Foundation.framework in Frameworks */,
				0BEF2CD312E11B8900CFAD56 /* QuartzCore.framework in Frameworks */,
			);
			runOnlyForDeploymentPostprocessing = 0;
		};
		0BB10A7012CFF6A30066E426 /* Frameworks */ = {
			isa = PBXFrameworksBuildPhase;
			buildActionMask = 2147483647;
			files = (
				0BB10A7212CFF6A30066E426 /* Foundation.framework in Frameworks */,
				0BB10A8212CFF76A0066E426 /* CoreServices.framework in Frameworks */,
				0B6A677C13FC719B005B157B /* libcrypto.a in Frameworks */,
				0B6A677D13FC719B005B157B /* libssl.a in Frameworks */,
			);
			runOnlyForDeploymentPostprocessing = 0;
		};
		D2AAC07C0554694100DB518D /* Frameworks */ = {
			isa = PBXFrameworksBuildPhase;
			buildActionMask = 2147483647;
			files = (
				0BAEC31A16053BB700C8DA04 /* CFNetwork.framework in Frameworks */,
				AACBBE4A0F95108600F1A2B1 /* Foundation.framework in Frameworks */,
				0BD9DC9513F03F79004829B2 /* libcrypto_arm.a in Frameworks */,
				0BD9DC9813F03F79004829B2 /* libgcrypt.a in Frameworks */,
				0BD9DC9913F03F79004829B2 /* libgpg-error.a in Frameworks */,
				0BD9DC9B13F03F79004829B2 /* libssh2.a in Frameworks */,
				0BD9DC9C13F03F79004829B2 /* libssl_arm.a in Frameworks */,
				0BD9DC9D13F03F79004829B2 /* libz.a in Frameworks */,
				0BDD232A16053D66009702F5 /* libTestFlight.a in Frameworks */,
			);
			runOnlyForDeploymentPostprocessing = 0;
		};
/* End PBXFrameworksBuildPhase section */

/* Begin PBXGroup section */
		034768DFFF38A50411DB9C8B /* Products */ = {
			isa = PBXGroup;
			children = (
				D2AAC07E0554694100DB518D /* libMPSsh.a */,
				0B37D5F512ADA3A600A3CC88 /* TestApp.app */,
				0BB10A7C12CFF6A30066E426 /* libMPSsh_x86_64.a */,
			);
			name = Products;
			sourceTree = "<group>";
		};
		0867D691FE84028FC02AAC07 /* CocoaSsh */ = {
			isa = PBXGroup;
			children = (
				08FB77AEFE84172EC02AAC07 /* Classes */,
				0B37D5FB12ADA3D400A3CC88 /* Test */,
				32C88DFF0371C24200C91783 /* Other Sources */,
				0B42927912A15ED700507247 /* Libraries */,
				0867D69AFE84028FC02AAC07 /* Frameworks */,
				034768DFFF38A50411DB9C8B /* Products */,
			);
			name = CocoaSsh;
			sourceTree = "<group>";
		};
		0867D69AFE84028FC02AAC07 /* Frameworks */ = {
			isa = PBXGroup;
			children = (
				0BAEC31916053BB600C8DA04 /* CFNetwork.framework */,
				AACBBE490F95108600F1A2B1 /* Foundation.framework */,
				0BB10A8112CFF76A0066E426 /* CoreServices.framework */,
				0BEF2CD212E11B8900CFAD56 /* QuartzCore.framework */,
			);
			name = Frameworks;
			sourceTree = "<group>";
		};
		08FB77AEFE84172EC02AAC07 /* Classes */ = {
			isa = PBXGroup;
			children = (
				0BD5803D1605C7B0000D6303 /* wrappers */,
				0B42904712A1550F00507247 /* MPHost.h */,
				0B42904812A1550F00507247 /* MPHost.m */,
				0B2FF6F613F7B3B6002C1891 /* MPSshSession.h */,
				0B2FF6F713F7B3B6002C1891 /* MPSshSession.m */,
				0B42932612A24D6E00507247 /* sftp */,
				0B42900012A153D600507247 /* MPSshShell.h */,
				0B42900112A153D600507247 /* MPSshShell.m */,
				0BE92B6A13F6E2CB00AB7BEA /* MPConnectionParams.h */,
				0BE92B6B13F6E2CB00AB7BEA /* MPConnectionParams.m */,
				0BDD232C1605A20A009702F5 /* MPLibssh2.h */,
				0BDD232D1605A20A009702F5 /* MPLibssh2.m */,
			);
			name = Classes;
			sourceTree = "<group>";
		};
		0B37D5FB12ADA3D400A3CC88 /* Test */ = {
			isa = PBXGroup;
			children = (
				0B37D5FC12ADA3E900A3CC88 /* TestAppDelegate.h */,
				0B37D5FD12ADA3E900A3CC88 /* TestAppDelegate.m */,
				0B37D61512ADA46200A3CC88 /* TestView.h */,
				0B37D61612ADA46200A3CC88 /* TestView.m */,
				0B37D62312ADA80D00A3CC88 /* TestApp.xib */,
				0B37D5F712ADA3A600A3CC88 /* TestApp-Info.plist */,
				0BDDAA9312D3F48E001FCA53 /* main.m */,
				0BCD910412AF6E2C00DC6CFE /* Tester.h */,
				0BCD910512AF6E2C00DC6CFE /* Tester.m */,
				0BEF2B1112E115C100CFAD56 /* TestTail.h */,
				0BEF2B1212E115C100CFAD56 /* TestTail.m */,
			);
			name = Test;
			sourceTree = "<group>";
		};
		0B42927912A15ED700507247 /* Libraries */ = {
			isa = PBXGroup;
			children = (
				0BDD232816053D66009702F5 /* libTestFlight.a */,
				0BDD232916053D66009702F5 /* TestFlight.h */,
				0BB10B3E12D0BDA00066E426 /* x86_64 */,
				0BEF2D2E12E1842F00CFAD56 /* universal */,
			);
			name = Libraries;
			sourceTree = "<group>";
		};
		0B42932612A24D6E00507247 /* sftp */ = {
			isa = PBXGroup;
			children = (
				0B428FFC12A153D600507247 /* MPSftpItem.h */,
				0B428FFD12A153D600507247 /* MPSftpItem.m */,
				0B428FFE12A153D600507247 /* MPSftpSession.h */,
				0B428FFF12A153D600507247 /* MPSftpSession.m */,
			);
			name = sftp;
			sourceTree = "<group>";
		};
		0BB10B3E12D0BDA00066E426 /* x86_64 */ = {
			isa = PBXGroup;
			children = (
				0B6A677A13FC719B005B157B /* libcrypto.a */,
				0B6A677B13FC719B005B157B /* libssl.a */,
				0B6A677513FC7182005B157B /* libssh2.la */,
			);
			name = x86_64;
			path = lib/x86_64;
			sourceTree = "<group>";
		};
		0BD5803D1605C7B0000D6303 /* wrappers */ = {
			isa = PBXGroup;
			children = (
				0BD5803E1605C7C9000D6303 /* MPLSSession.h */,
				0BD5803F1605C7C9000D6303 /* MPLSSession.m */,
				0BD580461605CED3000D6303 /* MPLSChannel.h */,
				0BD580431605C7D9000D6303 /* MPLSChannel.m */,
			);
			name = wrappers;
			sourceTree = "<group>";
		};
		0BEF2D2E12E1842F00CFAD56 /* universal */ = {
			isa = PBXGroup;
			children = (
				0BD9DC8C13F03F79004829B2 /* libcrypto_arm.a */,
				0BD9DC8F13F03F79004829B2 /* libgcrypt.a */,
				0BD9DC9013F03F79004829B2 /* libgpg-error.a */,
				0BD9DC9213F03F79004829B2 /* libssh2.a */,
				0BD9DC9313F03F79004829B2 /* libssl_arm.a */,
				0BD9DC9413F03F79004829B2 /* libz.a */,
			);
			name = universal;
			sourceTree = "<group>";
		};
		32C88DFF0371C24200C91783 /* Other Sources */ = {
			isa = PBXGroup;
			children = (
				AA747D9E0F9514B9006C5449 /* MPSsh_Prefix.pch */,
				0BEF2E8612E186EC00CFAD56 /* TestApp_Prefix.pch */,
			);
			name = "Other Sources";
			sourceTree = "<group>";
		};
/* End PBXGroup section */

/* Begin PBXHeadersBuildPhase section */
		0BB10A6312CFF6A30066E426 /* Headers */ = {
			isa = PBXHeadersBuildPhase;
			buildActionMask = 2147483647;
			files = (
				0BB10A6412CFF6A30066E426 /* MPSsh_Prefix.pch in Headers */,
				0BB10A6612CFF6A30066E426 /* MPSftpItem.h in Headers */,
				0BB10A6712CFF6A30066E426 /* MPSftpSession.h in Headers */,
				0BB10A6812CFF6A30066E426 /* MPSshShell.h in Headers */,
				0BB10A6912CFF6A30066E426 /* MPHost.h in Headers */,
			);
			runOnlyForDeploymentPostprocessing = 0;
		};
		D2AAC07A0554694100DB518D /* Headers */ = {
			isa = PBXHeadersBuildPhase;
			buildActionMask = 2147483647;
			files = (
				AA747D9F0F9514B9006C5449 /* MPSsh_Prefix.pch in Headers */,
				0B42900412A153D600507247 /* MPSftpItem.h in Headers */,
				0B42900612A153D600507247 /* MPSftpSession.h in Headers */,
				0B42900812A153D600507247 /* MPSshShell.h in Headers */,
				0B42904912A1550F00507247 /* MPHost.h in Headers */,
				0BE92B6C13F6E2CB00AB7BEA /* MPConnectionParams.h in Headers */,
				0B31954113F815B900423A0D /* MPSshSession.h in Headers */,
				0BDD232B16053D66009702F5 /* TestFlight.h in Headers */,
				0BDD232E1605A20A009702F5 /* MPLibssh2.h in Headers */,
				0BD580401605C7C9000D6303 /* MPLSSession.h in Headers */,
				0BD580471605CED3000D6303 /* MPLSChannel.h in Headers */,
			);
			runOnlyForDeploymentPostprocessing = 0;
		};
/* End PBXHeadersBuildPhase section */

/* Begin PBXNativeTarget section */
		0B37D5F412ADA3A600A3CC88 /* TestApp */ = {
			isa = PBXNativeTarget;
			buildConfigurationList = 0B37D5FA12ADA3A700A3CC88 /* Build configuration list for PBXNativeTarget "TestApp" */;
			buildPhases = (
				0B37D5F112ADA3A600A3CC88 /* Resources */,
				0B37D5F212ADA3A600A3CC88 /* Sources */,
				0B37D5F312ADA3A600A3CC88 /* Frameworks */,
			);
			buildRules = (
			);
			dependencies = (
			);
			name = TestApp;
			productName = TestApp;
			productReference = 0B37D5F512ADA3A600A3CC88 /* TestApp.app */;
			productType = "com.apple.product-type.application";
		};
		0BB10A6212CFF6A30066E426 /* MPSsh x86_64 */ = {
			isa = PBXNativeTarget;
			buildConfigurationList = 0BB10A7912CFF6A30066E426 /* Build configuration list for PBXNativeTarget "MPSsh x86_64" */;
			buildPhases = (
				0BB10A6312CFF6A30066E426 /* Headers */,
				0BB10A6A12CFF6A30066E426 /* Sources */,
				0BB10A7012CFF6A30066E426 /* Frameworks */,
			);
			buildRules = (
			);
			dependencies = (
			);
			name = "MPSsh x86_64";
			productName = CocoaSsh;
			productReference = 0BB10A7C12CFF6A30066E426 /* libMPSsh_x86_64.a */;
			productType = "com.apple.product-type.library.static";
		};
		D2AAC07D0554694100DB518D /* MPSsh ios */ = {
			isa = PBXNativeTarget;
			buildConfigurationList = 1DEB921E08733DC00010E9CD /* Build configuration list for PBXNativeTarget "MPSsh ios" */;
			buildPhases = (
				D2AAC07A0554694100DB518D /* Headers */,
				D2AAC07B0554694100DB518D /* Sources */,
				D2AAC07C0554694100DB518D /* Frameworks */,
			);
			buildRules = (
			);
			dependencies = (
			);
			name = "MPSsh ios";
			productName = CocoaSsh;
			productReference = D2AAC07E0554694100DB518D /* libMPSsh.a */;
			productType = "com.apple.product-type.library.static";
		};
/* End PBXNativeTarget section */

/* Begin PBXProject section */
		0867D690FE84028FC02AAC07 /* Project object */ = {
			isa = PBXProject;
			attributes = {
				LastUpgradeCheck = 0450;
			};
			buildConfigurationList = 1DEB922208733DC00010E9CD /* Build configuration list for PBXProject "MPSsh" */;
			compatibilityVersion = "Xcode 3.2";
			developmentRegion = English;
			hasScannedForEncodings = 1;
			knownRegions = (
				English,
				Japanese,
				French,
				German,
			);
			mainGroup = 0867D691FE84028FC02AAC07 /* CocoaSsh */;
			productRefGroup = 034768DFFF38A50411DB9C8B /* Products */;
			projectDirPath = "";
			projectRoot = "";
			targets = (
				D2AAC07D0554694100DB518D /* MPSsh ios */,
				0B37D5F412ADA3A600A3CC88 /* TestApp */,
				0BB10A6212CFF6A30066E426 /* MPSsh x86_64 */,
			);
		};
/* End PBXProject section */

/* Begin PBXResourcesBuildPhase section */
		0B37D5F112ADA3A600A3CC88 /* Resources */ = {
			isa = PBXResourcesBuildPhase;
			buildActionMask = 2147483647;
			files = (
				0B37D62412ADA80D00A3CC88 /* TestApp.xib in Resources */,
			);
			runOnlyForDeploymentPostprocessing = 0;
		};
/* End PBXResourcesBuildPhase section */

/* Begin PBXSourcesBuildPhase section */
		0B37D5F212ADA3A600A3CC88 /* Sources */ = {
			isa = PBXSourcesBuildPhase;
			buildActionMask = 2147483647;
			files = (
				0B37D63812ADA91200A3CC88 /* MPSftpItem.m in Sources */,
				0B37D63912ADA91200A3CC88 /* MPSftpSession.m in Sources */,
				0B37D63A12ADA91200A3CC88 /* MPSshShell.m in Sources */,
				0B37D63B12ADA91200A3CC88 /* MPHost.m in Sources */,
				0B37D5FE12ADA3E900A3CC88 /* TestAppDelegate.m in Sources */,
				0B37D61712ADA46200A3CC88 /* TestView.m in Sources */,
				0BCD910612AF6E2C00DC6CFE /* Tester.m in Sources */,
				0BDDAA9A12D3F49C001FCA53 /* main.m in Sources */,
				0BEF2B1312E115C100CFAD56 /* TestTail.m in Sources */,
				0B2FF6F813F7B3B6002C1891 /* MPSshSession.m in Sources */,
			);
			runOnlyForDeploymentPostprocessing = 0;
		};
		0BB10A6A12CFF6A30066E426 /* Sources */ = {
			isa = PBXSourcesBuildPhase;
			buildActionMask = 2147483647;
			files = (
				0B5D5B7913FC75770048EA81 /* MPConnectionParams.m in Sources */,
				0B5D5B7813FC75110048EA81 /* MPSshSession.m in Sources */,
				0BB10A6C12CFF6A30066E426 /* MPSftpItem.m in Sources */,
				0BB10A6D12CFF6A30066E426 /* MPSftpSession.m in Sources */,
				0BB10A6E12CFF6A30066E426 /* MPSshShell.m in Sources */,
				0BB10A6F12CFF6A30066E426 /* MPHost.m in Sources */,
			);
			runOnlyForDeploymentPostprocessing = 0;
		};
		D2AAC07B0554694100DB518D /* Sources */ = {
			isa = PBXSourcesBuildPhase;
			buildActionMask = 2147483647;
			files = (
				0B42900512A153D600507247 /* MPSftpItem.m in Sources */,
				0B42900712A153D600507247 /* MPSftpSession.m in Sources */,
				0B42900912A153D600507247 /* MPSshShell.m in Sources */,
				0B42904A12A1550F00507247 /* MPHost.m in Sources */,
				0BE92B6D13F6E2CB00AB7BEA /* MPConnectionParams.m in Sources */,
				0B31954013F815B600423A0D /* MPSshSession.m in Sources */,
				0BDD232F1605A20A009702F5 /* MPLibssh2.m in Sources */,
				0BD580411605C7C9000D6303 /* MPLSSession.m in Sources */,
				0BD580451605C7D9000D6303 /* MPLSChannel.m in Sources */,
			);
			runOnlyForDeploymentPostprocessing = 0;
		};
/* End PBXSourcesBuildPhase section */

/* Begin XCBuildConfiguration section */
		0B37D5F812ADA3A700A3CC88 /* Debug */ = {
			isa = XCBuildConfiguration;
			buildSettings = {
				ALWAYS_SEARCH_USER_PATHS = NO;
				CLANG_ENABLE_OBJC_ARC = YES;
				CODE_SIGN_IDENTITY = "iPhone Developer: Mauro Piccini (2HZC67JT2X)";
				COPY_PHASE_STRIP = NO;
				GCC_DYNAMIC_NO_PIC = NO;
				GCC_OPTIMIZATION_LEVEL = 0;
				GCC_PRECOMPILE_PREFIX_HEADER = YES;
				GCC_PREFIX_HEADER = "$(SYSTEM_LIBRARY_DIR)/Frameworks/UIKit.framework/Headers/UIKit.h";
				GCC_PREPROCESSOR_DEFINITIONS = COCOASSH_IOS;
				GCC_VERSION = com.apple.compilers.llvm.clang.1_0;
				HEADER_SEARCH_PATHS = "/Users/mauropiccini/src/lib/iphone-os/**";
				INFOPLIST_FILE = "TestApp-Info.plist";
				INSTALL_PATH = "$(HOME)/Applications";
				IPHONEOS_DEPLOYMENT_TARGET = 4.2;
				LIBRARY_SEARCH_PATHS = (
					"$(inherited)",
					"\"$(SRCROOT)/lib\"",
					"\"$(SRCROOT)/../Logs\"",
				);
				OTHER_LDFLAGS = (
					"-framework",
					Foundation,
					"-framework",
					UIKit,
				);
				PRODUCT_NAME = TestApp;
				PROVISIONING_PROFILE = "8E1C545B-8D52-48AC-8EF5-66644574B40C";
				SDKROOT = iphoneos;
			};
			name = Debug;
		};
		0B37D5F912ADA3A700A3CC88 /* Release */ = {
			isa = XCBuildConfiguration;
			buildSettings = {
				ALWAYS_SEARCH_USER_PATHS = NO;
				ARCHS = "$(ARCHS_STANDARD_32_BIT)";
				CLANG_ENABLE_OBJC_ARC = YES;
				CODE_SIGN_IDENTITY = "iPhone Developer: Mauro Piccini (2HZC67JT2X)";
				COPY_PHASE_STRIP = YES;
				DEBUG_INFORMATION_FORMAT = "dwarf-with-dsym";
				GCC_PRECOMPILE_PREFIX_HEADER = YES;
				GCC_PREFIX_HEADER = TestApp_Prefix.pch;
				GCC_PREPROCESSOR_DEFINITIONS = COCOASSH_IOS;
				GCC_VERSION = com.apple.compilers.llvm.clang.1_0;
				HEADER_SEARCH_PATHS = "/Users/mauropiccini/src/lib/iphone-os/**";
				INFOPLIST_FILE = "TestApp-Info.plist";
				INSTALL_PATH = "$(HOME)/Applications";
				IPHONEOS_DEPLOYMENT_TARGET = 4.2;
				LIBRARY_SEARCH_PATHS = (
					"$(inherited)",
					"\"$(SRCROOT)/lib\"",
					"\"$(SRCROOT)/../Logs\"",
				);
				ONLY_ACTIVE_ARCH = YES;
				OTHER_CFLAGS = "-DNS_BLOCK_ASSERTIONS=1";
				OTHER_LDFLAGS = "";
				PRODUCT_NAME = TestApp;
				PROVISIONING_PROFILE = "8E1C545B-8D52-48AC-8EF5-66644574B40C";
				SDKROOT = iphoneos;
				VALIDATE_PRODUCT = YES;
				VALID_ARCHS = "armv6 armv7";
				ZERO_LINK = NO;
			};
			name = Release;
		};
		0BB10A7A12CFF6A30066E426 /* Debug */ = {
			isa = XCBuildConfiguration;
			buildSettings = {
				ALWAYS_SEARCH_USER_PATHS = NO;
				ARCHS = "$(ARCHS_STANDARD_64_BIT)";
				CLANG_ENABLE_OBJC_ARC = YES;
				COMBINE_HIDPI_IMAGES = YES;
				COPY_PHASE_STRIP = NO;
				DSTROOT = /tmp/CocoaSsh.dst;
				GCC_DYNAMIC_NO_PIC = NO;
				GCC_LINK_WITH_DYNAMIC_LIBRARIES = NO;
				GCC_MODEL_TUNING = G5;
				GCC_OPTIMIZATION_LEVEL = 0;
				GCC_PRECOMPILE_PREFIX_HEADER = YES;
				GCC_PREFIX_HEADER = CocoaSsh_Prefix.pch;
				GCC_PREPROCESSOR_DEFINITIONS = "";
				HEADER_SEARCH_PATHS = (
					"/Users/mauropiccini/src/lib/iphone-os/**",
					"${SOURCE_ROOT}/include/openssl/**",
				);
				INSTALL_PATH = /usr/local/lib;
				LIBRARY_SEARCH_PATHS = (
					"$(inherited)",
					"\\\"$(SRCROOT)/lib\\\"",
					"\"$(SRCROOT)/lib/x86_64\"",
				);
				ONLY_ACTIVE_ARCH = YES;
				OTHER_LDFLAGS = "";
				PRODUCT_NAME = MPSsh_x86_64;
				STANDARD_C_PLUS_PLUS_LIBRARY_TYPE = dynamic;
				USER_HEADER_SEARCH_PATHS = "";
			};
			name = Debug;
		};
		0BB10A7B12CFF6A30066E426 /* Release */ = {
			isa = XCBuildConfiguration;
			buildSettings = {
				ALWAYS_SEARCH_USER_PATHS = NO;
				ARCHS = "$(ARCHS_STANDARD_32_BIT)";
				CLANG_ENABLE_OBJC_ARC = YES;
				COMBINE_HIDPI_IMAGES = YES;
				DSTROOT = /tmp/CocoaSsh.dst;
				GCC_MODEL_TUNING = G5;
				GCC_PRECOMPILE_PREFIX_HEADER = YES;
				GCC_PREFIX_HEADER = CocoaSsh_Prefix.pch;
				INSTALL_PATH = /usr/local/lib;
				LIBRARY_SEARCH_PATHS = (
					"$(inherited)",
					"\\\"$(SRCROOT)/lib\\\"",
					"\"$(SRCROOT)/lib/x86_64\"",
				);
				PRODUCT_NAME = MPSsh_x86_64;
			};
			name = Release;
		};
		1DEB921F08733DC00010E9CD /* Debug */ = {
			isa = XCBuildConfiguration;
			buildSettings = {
				ALWAYS_SEARCH_USER_PATHS = NO;
				ARCHS = (
					armv6,
					"$(ARCHS_STANDARD_32_BIT)",
				);
				CLANG_ENABLE_OBJC_ARC = YES;
				CLANG_WARN_OBJCPP_ARC_ABI = YES;
				COPY_PHASE_STRIP = NO;
				DSTROOT = /tmp/CocoaSsh.dst;
				GCC_DYNAMIC_NO_PIC = NO;
				GCC_MODEL_TUNING = G5;
				GCC_OPTIMIZATION_LEVEL = 0;
				GCC_PRECOMPILE_PREFIX_HEADER = YES;
				GCC_PREFIX_HEADER = MPSsh_Prefix.pch;
				GCC_PREPROCESSOR_DEFINITIONS = COCOASSH_IOS;
				GCC_THUMB_SUPPORT = NO;
				GCC_VERSION = com.apple.compilers.llvm.clang.1_0;
				HEADER_SEARCH_PATHS = (
					"/Users/mauropiccini/src/lib/iphone-os/**",
					"${SOURCE_ROOT}/include/openssl/**",
				);
				INSTALL_PATH = /usr/local/lib;
				LIBRARY_SEARCH_PATHS = (
					"$(inherited)",
					"\"$(SRCROOT)/lib\"",
					"\"$(SRCROOT)\"",
				);
				PRODUCT_NAME = MPSsh;
				SDKROOT = iphoneos;
				USER_HEADER_SEARCH_PATHS = "";
			};
			name = Debug;
		};
		1DEB922008733DC00010E9CD /* Release */ = {
			isa = XCBuildConfiguration;
			buildSettings = {
				ALWAYS_SEARCH_USER_PATHS = NO;
				ARCHS = (
					armv6,
					"$(ARCHS_STANDARD_32_BIT)",
				);
				CLANG_ENABLE_OBJC_ARC = YES;
				CLANG_WARN_OBJCPP_ARC_ABI = YES;
				DSTROOT = /tmp/CocoaSsh.dst;
				GCC_MODEL_TUNING = G5;
				GCC_PRECOMPILE_PREFIX_HEADER = YES;
				GCC_PREFIX_HEADER = MPSsh_Prefix.pch;
				GCC_PREPROCESSOR_DEFINITIONS = COCOASSH_IOS;
				GCC_THUMB_SUPPORT = NO;
				GCC_VERSION = com.apple.compilers.llvm.clang.1_0;
				HEADER_SEARCH_PATHS = (
					"/Users/mauropiccini/src/lib/iphone-os/**",
					"${SOURCE_ROOT}/include/openssl/**",
				);
				INSTALL_PATH = /usr/local/lib;
				LIBRARY_SEARCH_PATHS = (
					"$(inherited)",
					"\"$(SRCROOT)/lib\"",
					"\"$(SRCROOT)\"",
				);
				PRODUCT_NAME = MPSsh;
				SDKROOT = iphoneos;
			};
			name = Release;
		};
		1DEB922308733DC00010E9CD /* Debug */ = {
			isa = XCBuildConfiguration;
			buildSettings = {
				ARCHS = "$(ARCHS_STANDARD_32_BIT)";
				GCC_C_LANGUAGE_STANDARD = c99;
				GCC_OPTIMIZATION_LEVEL = 0;
				GCC_WARN_ABOUT_RETURN_TYPE = YES;
				GCC_WARN_UNUSED_VARIABLE = YES;
				OTHER_LDFLAGS = "-ObjC";
				SKIP_INSTALL = YES;
			};
			name = Debug;
		};
		1DEB922408733DC00010E9CD /* Release */ = {
			isa = XCBuildConfiguration;
			buildSettings = {
				ARCHS = "$(ARCHS_STANDARD_32_BIT)";
				GCC_C_LANGUAGE_STANDARD = c99;
				GCC_WARN_ABOUT_RETURN_TYPE = YES;
				GCC_WARN_UNUSED_VARIABLE = YES;
				OTHER_LDFLAGS = "-ObjC";
				SKIP_INSTALL = YES;
			};
			name = Release;
		};
/* End XCBuildConfiguration section */

/* Begin XCConfigurationList section */
		0B37D5FA12ADA3A700A3CC88 /* Build configuration list for PBXNativeTarget "TestApp" */ = {
			isa = XCConfigurationList;
			buildConfigurations = (
				0B37D5F812ADA3A700A3CC88 /* Debug */,
				0B37D5F912ADA3A700A3CC88 /* Release */,
			);
			defaultConfigurationIsVisible = 0;
			defaultConfigurationName = Release;
		};
		0BB10A7912CFF6A30066E426 /* Build configuration list for PBXNativeTarget "MPSsh x86_64" */ = {
			isa = XCConfigurationList;
			buildConfigurations = (
				0BB10A7A12CFF6A30066E426 /* Debug */,
				0BB10A7B12CFF6A30066E426 /* Release */,
			);
			defaultConfigurationIsVisible = 0;
			defaultConfigurationName = Release;
		};
		1DEB921E08733DC00010E9CD /* Build configuration list for PBXNativeTarget "MPSsh ios" */ = {
			isa = XCConfigurationList;
			buildConfigurations = (
				1DEB921F08733DC00010E9CD /* Debug */,
				1DEB922008733DC00010E9CD /* Release */,
			);
			defaultConfigurationIsVisible = 0;
			defaultConfigurationName = Release;
		};
		1DEB922208733DC00010E9CD /* Build configuration list for PBXProject "MPSsh" */ = {
			isa = XCConfigurationList;
			buildConfigurations = (
				1DEB922308733DC00010E9CD /* Debug */,
				1DEB922408733DC00010E9CD /* Release */,
			);
			defaultConfigurationIsVisible = 0;
			defaultConfigurationName = Release;
		};
/* End XCConfigurationList section */
	};
	rootObject = 0867D690FE84028FC02AAC07 /* Project object */;
}
